
Microsoft Visual Studio Solution File, Format Version 12.00
# Visual Studio Version 17
VisualStudioVersion = 17.7.34024.191
MinimumVisualStudioVersion = 10.0.40219.1
Project("{8BC9CEB8-8B4A-11D0-8D11-00A0C91BC942}") = "P009_Condicionales_V0", "P009_Condicionales_V0.vcxproj", "{2A926946-49DC-4823-8663-F836B22955D5}"
EndProject
Global
	GlobalSection(SolutionConfigurationPlatforms) = preSolution
		Debug|x64 = Debug|x64
		Debug|x86 = Debug|x86
		Release|x64 = Release|x64
		Release|x86 = Release|x86
	EndGlobalSection
	GlobalSection(ProjectConfigurationPlatforms) = postSolution
		{2A926946-49DC-4823-8663-F836B22955D5}.Debug|x64.ActiveCfg = Debug|x64
		{2A926946-49DC-4823-8663-F836B22955D5}.Debug|x64.Build.0 = Debug|x64
		{2A926946-49DC-4823-8663-F836B22955D5}.Debug|x86.ActiveCfg = Debug|Win32
		{2A926946-49DC-4823-8663-F836B22955D5}.Debug|x86.Build.0 = Debug|Win32
		{2A926946-49DC-4823-8663-F836B22955D5}.Release|x64.ActiveCfg = Release|x64
		{2A926946-49DC-4823-8663-F836B22955D5}.Release|x64.Build.0 = Release|x64
		{2A926946-49DC-4823-8663-F836B22955D5}.Release|x86.ActiveCfg = Release|Win32
		{2A926946-49DC-4823-8663-F836B22955D5}.Release|x86.Build.0 = Release|Win32
	EndGlobalSection
	GlobalSection(SolutionProperties) = preSolution
		HideSolutionNode = FALSE
	EndGlobalSection
	GlobalSection(ExtensibilityGlobals) = postSolution
		SolutionGuid = {142FFB52-3ECF-4676-89F8-41633854D5E4}
	EndGlobalSection
EndGlobal
